// !$*UTF8*$!
{
	archiveVersion = 1;
	classes = {
	};
	objectVersion = 50;
	objects = {

/* Begin PBXBuildFile section */
		6137612E2674A51300AC8694 /* AppDelegate.swift in Sources */ = {isa = PBXBuildFile; fileRef = 6137612D2674A51300AC8694 /* AppDelegate.swift */; };
		613761302674A51300AC8694 /* SceneDelegate.swift in Sources */ = {isa = PBXBuildFile; fileRef = 6137612F2674A51300AC8694 /* SceneDelegate.swift */; };
		613761322674A51300AC8694 /* ViewController.swift in Sources */ = {isa = PBXBuildFile; fileRef = 613761312674A51300AC8694 /* ViewController.swift */; };
		613761352674A51300AC8694 /* Main.storyboard in Resources */ = {isa = PBXBuildFile; fileRef = 613761332674A51300AC8694 /* Main.storyboard */; };
		613761372674A51B00AC8694 /* Assets.xcassets in Resources */ = {isa = PBXBuildFile; fileRef = 613761362674A51B00AC8694 /* Assets.xcassets */; };
		6137613A2674A51B00AC8694 /* LaunchScreen.storyboard in Resources */ = {isa = PBXBuildFile; fileRef = 613761382674A51B00AC8694 /* LaunchScreen.storyboard */; };
		613761452674A51B00AC8694 /* GithubSearchTests.swift in Sources */ = {isa = PBXBuildFile; fileRef = 613761442674A51B00AC8694 /* GithubSearchTests.swift */; };
		613761502674A51B00AC8694 /* GithubSearchUITests.swift in Sources */ = {isa = PBXBuildFile; fileRef = 6137614F2674A51B00AC8694 /* GithubSearchUITests.swift */; };
/* End PBXBuildFile section */

/* Begin PBXContainerItemProxy section */
		613761412674A51B00AC8694 /* PBXContainerItemProxy */ = {
			isa = PBXContainerItemProxy;
			containerPortal = 613761222674A51300AC8694 /* Project object */;
			proxyType = 1;
			remoteGlobalIDString = 613761292674A51300AC8694;
			remoteInfo = GithubSearch;
		};
		6137614C2674A51B00AC8694 /* PBXContainerItemProxy */ = {
			isa = PBXContainerItemProxy;
			containerPortal = 613761222674A51300AC8694 /* Project object */;
			proxyType = 1;
			remoteGlobalIDString = 613761292674A51300AC8694;
			remoteInfo = GithubSearch;
		};
/* End PBXContainerItemProxy section */

/* Begin PBXFileReference section */
		6137612A2674A51300AC8694 /* GithubSearch.app */ = {isa = PBXFileReference; explicitFileType = wrapper.application; includeInIndex = 0; path = GithubSearch.app; sourceTree = BUILT_PRODUCTS_DIR; };
		6137612D2674A51300AC8694 /* AppDelegate.swift */ = {isa = PBXFileReference; lastKnownFileType = sourcecode.swift; path = AppDelegate.swift; sourceTree = "<group>"; };
		6137612F2674A51300AC8694 /* SceneDelegate.swift */ = {isa = PBXFileReference; lastKnownFileType = sourcecode.swift; path = SceneDelegate.swift; sourceTree = "<group>"; };
		613761312674A51300AC8694 /* ViewController.swift */ = {isa = PBXFileReference; lastKnownFileType = sourcecode.swift; path = ViewController.swift; sourceTree = "<group>"; };
		613761342674A51300AC8694 /* Base */ = {isa = PBXFileReference; lastKnownFileType = file.storyboard; name = Base; path = Base.lproj/Main.storyboard; sourceTree = "<group>"; };
		613761362674A51B00AC8694 /* Assets.xcassets */ = {isa = PBXFileReference; lastKnownFileType = folder.assetcatalog; path = Assets.xcassets; sourceTree = "<group>"; };
		613761392674A51B00AC8694 /* Base */ = {isa = PBXFileReference; lastKnownFileType = file.storyboard; name = Base; path = Base.lproj/LaunchScreen.storyboard; sourceTree = "<group>"; };
		6137613B2674A51B00AC8694 /* Info.plist */ = {isa = PBXFileReference; lastKnownFileType = text.plist.xml; path = Info.plist; sourceTree = "<group>"; };
		613761402674A51B00AC8694 /* GithubSearchTests.xctest */ = {isa = PBXFileReference; explicitFileType = wrapper.cfbundle; includeInIndex = 0; path = GithubSearchTests.xctest; sourceTree = BUILT_PRODUCTS_DIR; };
		613761442674A51B00AC8694 /* GithubSearchTests.swift */ = {isa = PBXFileReference; lastKnownFileType = sourcecode.swift; path = GithubSearchTests.swift; sourceTree = "<group>"; };
		613761462674A51B00AC8694 /* Info.plist */ = {isa = PBXFileReference; lastKnownFileType = text.plist.xml; path = Info.plist; sourceTree = "<group>"; };
		6137614B2674A51B00AC8694 /* GithubSearchUITests.xctest */ = {isa = PBXFileReference; explicitFileType = wrapper.cfbundle; includeInIndex = 0; path = GithubSearchUITests.xctest; sourceTree = BUILT_PRODUCTS_DIR; };
		6137614F2674A51B00AC8694 /* GithubSearchUITests.swift */ = {isa = PBXFileReference; lastKnownFileType = sourcecode.swift; path = GithubSearchUITests.swift; sourceTree = "<group>"; };
		613761512674A51B00AC8694 /* Info.plist */ = {isa = PBXFileReference; lastKnownFileType = text.plist.xml; path = Info.plist; sourceTree = "<group>"; };
/* End PBXFileReference section */

/* Begin PBXFrameworksBuildPhase section */
		613761272674A51300AC8694 /* Frameworks */ = {
			isa = PBXFrameworksBuildPhase;
			buildActionMask = 2147483647;
			files = (
			);
			runOnlyForDeploymentPostprocessing = 0;
		};
		6137613D2674A51B00AC8694 /* Frameworks */ = {
			isa = PBXFrameworksBuildPhase;
			buildActionMask = 2147483647;
			files = (
			);
			runOnlyForDeploymentPostprocessing = 0;
		};
		613761482674A51B00AC8694 /* Frameworks */ = {
			isa = PBXFrameworksBuildPhase;
			buildActionMask = 2147483647;
			files = (
			);
			runOnlyForDeploymentPostprocessing = 0;
		};
/* End PBXFrameworksBuildPhase section */

/* Begin PBXGroup section */
		613761212674A51300AC8694 = {
			isa = PBXGroup;
			children = (
				6137612C2674A51300AC8694 /* GithubSearch */,
				613761432674A51B00AC8694 /* GithubSearchTests */,
				6137614E2674A51B00AC8694 /* GithubSearchUITests */,
				6137612B2674A51300AC8694 /* Products */,
			);
			sourceTree = "<group>";
		};
		6137612B2674A51300AC8694 /* Products */ = {
			isa = PBXGroup;
			children = (
				6137612A2674A51300AC8694 /* GithubSearch.app */,
				613761402674A51B00AC8694 /* GithubSearchTests.xctest */,
				6137614B2674A51B00AC8694 /* GithubSearchUITests.xctest */,
			);
			name = Products;
			sourceTree = "<group>";
		};
		6137612C2674A51300AC8694 /* GithubSearch */ = {
			isa = PBXGroup;
			children = (
				6137612D2674A51300AC8694 /* AppDelegate.swift */,
				6137612F2674A51300AC8694 /* SceneDelegate.swift */,
				613761312674A51300AC8694 /* ViewController.swift */,
				613761332674A51300AC8694 /* Main.storyboard */,
				613761362674A51B00AC8694 /* Assets.xcassets */,
				613761382674A51B00AC8694 /* LaunchScreen.storyboard */,
				6137613B2674A51B00AC8694 /* Info.plist */,
			);
			path = GithubSearch;
			sourceTree = "<group>";
		};
		613761432674A51B00AC8694 /* GithubSearchTests */ = {
			isa = PBXGroup;
			children = (
				613761442674A51B00AC8694 /* GithubSearchTests.swift */,
				613761462674A51B00AC8694 /* Info.plist */,
			);
			path = GithubSearchTests;
			sourceTree = "<group>";
		};
		6137614E2674A51B00AC8694 /* GithubSearchUITests */ = {
			isa = PBXGroup;
			children = (
				6137614F2674A51B00AC8694 /* GithubSearchUITests.swift */,
				613761512674A51B00AC8694 /* Info.plist */,
			);
			path = GithubSearchUITests;
			sourceTree = "<group>";
		};
/* End PBXGroup section */

/* Begin PBXNativeTarget section */
		613761292674A51300AC8694 /* GithubSearch */ = {
			isa = PBXNativeTarget;
			buildConfigurationList = 613761542674A51B00AC8694 /* Build configuration list for PBXNativeTarget "GithubSearch" */;
			buildPhases = (
				613761262674A51300AC8694 /* Sources */,
				613761272674A51300AC8694 /* Frameworks */,
				613761282674A51300AC8694 /* Resources */,
			);
			buildRules = (
			);
			dependencies = (
			);
			name = GithubSearch;
			productName = GithubSearch;
			productReference = 6137612A2674A51300AC8694 /* GithubSearch.app */;
			productType = "com.apple.product-type.application";
		};
		6137613F2674A51B00AC8694 /* GithubSearchTests */ = {
			isa = PBXNativeTarget;
			buildConfigurationList = 613761572674A51B00AC8694 /* Build configuration list for PBXNativeTarget "GithubSearchTests" */;
			buildPhases = (
				6137613C2674A51B00AC8694 /* Sources */,
				6137613D2674A51B00AC8694 /* Frameworks */,
				6137613E2674A51B00AC8694 /* Resources */,
			);
			buildRules = (
			);
			dependencies = (
				613761422674A51B00AC8694 /* PBXTargetDependency */,
			);
			name = GithubSearchTests;
			productName = GithubSearchTests;
			productReference = 613761402674A51B00AC8694 /* GithubSearchTests.xctest */;
			productType = "com.apple.product-type.bundle.unit-test";
		};
		6137614A2674A51B00AC8694 /* GithubSearchUITests */ = {
			isa = PBXNativeTarget;
			buildConfigurationList = 6137615A2674A51B00AC8694 /* Build configuration list for PBXNativeTarget "GithubSearchUITests" */;
			buildPhases = (
				613761472674A51B00AC8694 /* Sources */,
				613761482674A51B00AC8694 /* Frameworks */,
				613761492674A51B00AC8694 /* Resources */,
			);
			buildRules = (
			);
			dependencies = (
				6137614D2674A51B00AC8694 /* PBXTargetDependency */,
			);
			name = GithubSearchUITests;
			productName = GithubSearchUITests;
			productReference = 6137614B2674A51B00AC8694 /* GithubSearchUITests.xctest */;
			productType = "com.apple.product-type.bundle.ui-testing";
		};
/* End PBXNativeTarget section */

/* Begin PBXProject section */
		613761222674A51300AC8694 /* Project object */ = {
			isa = PBXProject;
			attributes = {
				LastSwiftUpdateCheck = 1250;
				LastUpgradeCheck = 1250;
				TargetAttributes = {
					613761292674A51300AC8694 = {
						CreatedOnToolsVersion = 12.5;
					};
					6137613F2674A51B00AC8694 = {
						CreatedOnToolsVersion = 12.5;
						TestTargetID = 613761292674A51300AC8694;
					};
					6137614A2674A51B00AC8694 = {
						CreatedOnToolsVersion = 12.5;
						TestTargetID = 613761292674A51300AC8694;
					};
				};
			};
			buildConfigurationList = 613761252674A51300AC8694 /* Build configuration list for PBXProject "GithubSearch" */;
			compatibilityVersion = "Xcode 9.3";
			developmentRegion = en;
			hasScannedForEncodings = 0;
			knownRegions = (
				en,
				Base,
			);
			mainGroup = 613761212674A51300AC8694;
			productRefGroup = 6137612B2674A51300AC8694 /* Products */;
			projectDirPath = "";
			projectRoot = "";
			targets = (
				613761292674A51300AC8694 /* GithubSearch */,
				6137613F2674A51B00AC8694 /* GithubSearchTests */,
				6137614A2674A51B00AC8694 /* GithubSearchUITests */,
			);
		};
/* End PBXProject section */

/* Begin PBXResourcesBuildPhase section */
		613761282674A51300AC8694 /* Resources */ = {
			isa = PBXResourcesBuildPhase;
			buildActionMask = 2147483647;
			files = (
				6137613A2674A51B00AC8694 /* LaunchScreen.storyboard in Resources */,
				613761372674A51B00AC8694 /* Assets.xcassets in Resources */,
				613761352674A51300AC8694 /* Main.storyboard in Resources */,
			);
			runOnlyForDeploymentPostprocessing = 0;
		};
		6137613E2674A51B00AC8694 /* Resources */ = {
			isa = PBXResourcesBuildPhase;
			buildActionMask = 2147483647;
			files = (
			);
			runOnlyForDeploymentPostprocessing = 0;
		};
		613761492674A51B00AC8694 /* Resources */ = {
			isa = PBXResourcesBuildPhase;
			buildActionMask = 2147483647;
			files = (
			);
			runOnlyForDeploymentPostprocessing = 0;
		};
/* End PBXResourcesBuildPhase section */

/* Begin PBXSourcesBuildPhase section */
		613761262674A51300AC8694 /* Sources */ = {
			isa = PBXSourcesBuildPhase;
			buildActionMask = 2147483647;
			files = (
				613761322674A51300AC8694 /* ViewController.swift in Sources */,
				6137612E2674A51300AC8694 /* AppDelegate.swift in Sources */,
				613761302674A51300AC8694 /* SceneDelegate.swift in Sources */,
			);
			runOnlyForDeploymentPostprocessing = 0;
		};
		6137613C2674A51B00AC8694 /* Sources */ = {
			isa = PBXSourcesBuildPhase;
			buildActionMask = 2147483647;
			files = (
				613761452674A51B00AC8694 /* GithubSearchTests.swift in Sources */,
			);
			runOnlyForDeploymentPostprocessing = 0;
		};
		613761472674A51B00AC8694 /* Sources */ = {
			isa = PBXSourcesBuildPhase;
			buildActionMask = 2147483647;
			files = (
				613761502674A51B00AC8694 /* GithubSearchUITests.swift in Sources */,
			);
			runOnlyForDeploymentPostprocessing = 0;
		};
/* End PBXSourcesBuildPhase section */

/* Begin PBXTargetDependency section */
		613761422674A51B00AC8694 /* PBXTargetDependency */ = {
			isa = PBXTargetDependency;
			target = 613761292674A51300AC8694 /* GithubSearch */;
			targetProxy = 613761412674A51B00AC8694 /* PBXContainerItemProxy */;
		};
		6137614D2674A51B00AC8694 /* PBXTargetDependency */ = {
			isa = PBXTargetDependency;
			target = 613761292674A51300AC8694 /* GithubSearch */;
			targetProxy = 6137614C2674A51B00AC8694 /* PBXContainerItemProxy */;
		};
/* End PBXTargetDependency section */

/* Begin PBXVariantGroup section */
		613761332674A51300AC8694 /* Main.storyboard */ = {
			isa = PBXVariantGroup;
			children = (
				613761342674A51300AC8694 /* Base */,
			);
			name = Main.storyboard;
			sourceTree = "<group>";
		};
		613761382674A51B00AC8694 /* LaunchScreen.storyboard */ = {
			isa = PBXVariantGroup;
			children = (
				613761392674A51B00AC8694 /* Base */,
			);
			name = LaunchScreen.storyboard;
			sourceTree = "<group>";
		};
/* End PBXVariantGroup section */

/* Begin XCBuildConfiguration section */
		613761522674A51B00AC8694 /* Debug */ = {
			isa = XCBuildConfiguration;
			buildSettings = {
				ALWAYS_SEARCH_USER_PATHS = NO;
				CLANG_ANALYZER_NONNULL = YES;
				CLANG_ANALYZER_NUMBER_OBJECT_CONVERSION = YES_AGGRESSIVE;
				CLANG_CXX_LANGUAGE_STANDARD = "gnu++14";
				CLANG_CXX_LIBRARY = "libc++";
				CLANG_ENABLE_MODULES = YES;
				CLANG_ENABLE_OBJC_ARC = YES;
				CLANG_ENABLE_OBJC_WEAK = YES;
				CLANG_WARN_BLOCK_CAPTURE_AUTORELEASING = YES;
				CLANG_WARN_BOOL_CONVERSION = YES;
				CLANG_WARN_COMMA = YES;
				CLANG_WARN_CONSTANT_CONVERSION = YES;
				CLANG_WARN_DEPRECATED_OBJC_IMPLEMENTATIONS = YES;
				CLANG_WARN_DIRECT_OBJC_ISA_USAGE = YES_ERROR;
				CLANG_WARN_DOCUMENTATION_COMMENTS = YES;
				CLANG_WARN_EMPTY_BODY = YES;
				CLANG_WARN_ENUM_CONVERSION = YES;
				CLANG_WARN_INFINITE_RECURSION = YES;
				CLANG_WARN_INT_CONVERSION = YES;
				CLANG_WARN_NON_LITERAL_NULL_CONVERSION = YES;
				CLANG_WARN_OBJC_IMPLICIT_RETAIN_SELF = YES;
				CLANG_WARN_OBJC_LITERAL_CONVERSION = YES;
				CLANG_WARN_OBJC_ROOT_CLASS = YES_ERROR;
				CLANG_WARN_QUOTED_INCLUDE_IN_FRAMEWORK_HEADER = YES;
				CLANG_WARN_RANGE_LOOP_ANALYSIS = YES;
				CLANG_WARN_STRICT_PROTOTYPES = YES;
				CLANG_WARN_SUSPICIOUS_MOVE = YES;
				CLANG_WARN_UNGUARDED_AVAILABILITY = YES_AGGRESSIVE;
				CLANG_WARN_UNREACHABLE_CODE = YES;
				CLANG_WARN__DUPLICATE_METHOD_MATCH = YES;
				COPY_PHASE_STRIP = NO;
				DEBUG_INFORMATION_FORMAT = dwarf;
				ENABLE_STRICT_OBJC_MSGSEND = YES;
				ENABLE_TESTABILITY = YES;
				GCC_C_LANGUAGE_STANDARD = gnu11;
				GCC_DYNAMIC_NO_PIC = NO;
				GCC_NO_COMMON_BLOCKS = YES;
				GCC_OPTIMIZATION_LEVEL = 0;
				GCC_PREPROCESSOR_DEFINITIONS = (
					"DEBUG=1",
					"$(inherited)",
				);
				GCC_WARN_64_TO_32_BIT_CONVERSION = YES;
				GCC_WARN_ABOUT_RETURN_TYPE = YES_ERROR;
				GCC_WARN_UNDECLARED_SELECTOR = YES;
				GCC_WARN_UNINITIALIZED_AUTOS = YES_AGGRESSIVE;
				GCC_WARN_UNUSED_FUNCTION = YES;
				GCC_WARN_UNUSED_VARIABLE = YES;
				IPHONEOS_DEPLOYMENT_TARGET = 14.5;
				MTL_ENABLE_DEBUG_INFO = INCLUDE_SOURCE;
				MTL_FAST_MATH = YES;
				ONLY_ACTIVE_ARCH = YES;
				SDKROOT = iphoneos;
				SWIFT_ACTIVE_COMPILATION_CONDITIONS = DEBUG;
				SWIFT_OPTIMIZATION_LEVEL = "-Onone";
			};
			name = Debug;
		};
		613761532674A51B00AC8694 /* Release */ = {
			isa = XCBuildConfiguration;
			buildSettings = {
				ALWAYS_SEARCH_USER_PATHS = NO;
				CLANG_ANALYZER_NONNULL = YES;
				CLANG_ANALYZER_NUMBER_OBJECT_CONVERSION = YES_AGGRESSIVE;
				CLANG_CXX_LANGUAGE_STANDARD = "gnu++14";
				CLANG_CXX_LIBRARY = "libc++";
				CLANG_ENABLE_MODULES = YES;
				CLANG_ENABLE_OBJC_ARC = YES;
				CLANG_ENABLE_OBJC_WEAK = YES;
				CLANG_WARN_BLOCK_CAPTURE_AUTORELEASING = YES;
				CLANG_WARN_BOOL_CONVERSION = YES;
				CLANG_WARN_COMMA = YES;
				CLANG_WARN_CONSTANT_CONVERSION = YES;
				CLANG_WARN_DEPRECATED_OBJC_IMPLEMENTATIONS = YES;
				CLANG_WARN_DIRECT_OBJC_ISA_USAGE = YES_ERROR;
				CLANG_WARN_DOCUMENTATION_COMMENTS = YES;
				CLANG_WARN_EMPTY_BODY = YES;
				CLANG_WARN_ENUM_CONVERSION = YES;
				CLANG_WARN_INFINITE_RECURSION = YES;
				CLANG_WARN_INT_CONVERSION = YES;
				CLANG_WARN_NON_LITERAL_NULL_CONVERSION = YES;
				CLANG_WARN_OBJC_IMPLICIT_RETAIN_SELF = YES;
				CLANG_WARN_OBJC_LITERAL_CONVERSION = YES;
				CLANG_WARN_OBJC_ROOT_CLASS = YES_ERROR;
				CLANG_WARN_QUOTED_INCLUDE_IN_FRAMEWORK_HEADER = YES;
				CLANG_WARN_RANGE_LOOP_ANALYSIS = YES;
				CLANG_WARN_STRICT_PROTOTYPES = YES;
				CLANG_WARN_SUSPICIOUS_MOVE = YES;
				CLANG_WARN_UNGUARDED_AVAILABILITY = YES_AGGRESSIVE;
				CLANG_WARN_UNREACHABLE_CODE = YES;
				CLANG_WARN__DUPLICATE_METHOD_MATCH = YES;
				COPY_PHASE_STRIP = NO;
				DEBUG_INFORMATION_FORMAT = "dwarf-with-dsym";
				ENABLE_NS_ASSERTIONS = NO;
				ENABLE_STRICT_OBJC_MSGSEND = YES;
				GCC_C_LANGUAGE_STANDARD = gnu11;
				GCC_NO_COMMON_BLOCKS = YES;
				GCC_WARN_64_TO_32_BIT_CONVERSION = YES;
				GCC_WARN_ABOUT_RETURN_TYPE = YES_ERROR;
				GCC_WARN_UNDECLARED_SELECTOR = YES;
				GCC_WARN_UNINITIALIZED_AUTOS = YES_AGGRESSIVE;
				GCC_WARN_UNUSED_FUNCTION = YES;
				GCC_WARN_UNUSED_VARIABLE = YES;
				IPHONEOS_DEPLOYMENT_TARGET = 14.5;
				MTL_ENABLE_DEBUG_INFO = NO;
				MTL_FAST_MATH = YES;
				SDKROOT = iphoneos;
				SWIFT_COMPILATION_MODE = wholemodule;
				SWIFT_OPTIMIZATION_LEVEL = "-O";
				VALIDATE_PRODUCT = YES;
			};
			name = Release;
		};
		613761552674A51B00AC8694 /* Debug */ = {
			isa = XCBuildConfiguration;
			buildSettings = {
				ASSETCATALOG_COMPILER_APPICON_NAME = AppIcon;
				ASSETCATALOG_COMPILER_GLOBAL_ACCENT_COLOR_NAME = AccentColor;
				CODE_SIGN_STYLE = Automatic;
				DEVELOPMENT_TEAM = R5RFEZ8DV2;
				INFOPLIST_FILE = GithubSearch/Info.plist;
				LD_RUNPATH_SEARCH_PATHS = (
					"$(inherited)",
					"@executable_path/Frameworks",
				);
				PRODUCT_BUNDLE_IDENTIFIER = rowkaxl.GithubSearch;
				PRODUCT_NAME = "$(TARGET_NAME)";
				SWIFT_VERSION = 5.0;
				TARGETED_DEVICE_FAMILY = "1,2";
			};
			name = Debug;
		};
		613761562674A51B00AC8694 /* Release */ = {
			isa = XCBuildConfiguration;
			buildSettings = {
				ASSETCATALOG_COMPILER_APPICON_NAME = AppIcon;
				ASSETCATALOG_COMPILER_GLOBAL_ACCENT_COLOR_NAME = AccentColor;
				CODE_SIGN_STYLE = Automatic;
				DEVELOPMENT_TEAM = R5RFEZ8DV2;
				INFOPLIST_FILE = GithubSearch/Info.plist;
				LD_RUNPATH_SEARCH_PATHS = (
					"$(inherited)",
					"@executable_path/Frameworks",
				);
				PRODUCT_BUNDLE_IDENTIFIER = rowkaxl.GithubSearch;
				PRODUCT_NAME = "$(TARGET_NAME)";
				SWIFT_VERSION = 5.0;
				TARGETED_DEVICE_FAMILY = "1,2";
			};
			name = Release;
		};
		613761582674A51B00AC8694 /* Debug */ = {
			isa = XCBuildConfiguration;
			buildSettings = {
				ALWAYS_EMBED_SWIFT_STANDARD_LIBRARIES = YES;
				BUNDLE_LOADER = "$(TEST_HOST)";
				CODE_SIGN_STYLE = Automatic;
				DEVELOPMENT_TEAM = R5RFEZ8DV2;
				INFOPLIST_FILE = GithubSearchTests/Info.plist;
				IPHONEOS_DEPLOYMENT_TARGET = 14.5;
				LD_RUNPATH_SEARCH_PATHS = (
					"$(inherited)",
					"@executable_path/Frameworks",
					"@loader_path/Frameworks",
				);
				PRODUCT_BUNDLE_IDENTIFIER = rowkaxl.GithubSearchTests;
				PRODUCT_NAME = "$(TARGET_NAME)";
				SWIFT_VERSION = 5.0;
				TARGETED_DEVICE_FAMILY = "1,2";
				TEST_HOST = "$(BUILT_PRODUCTS_DIR)/GithubSearch.app/GithubSearch";
			};
			name = Debug;
		};
		613761592674A51B00AC8694 /* Release */ = {
			isa = XCBuildConfiguration;
			buildSettings = {
				ALWAYS_EMBED_SWIFT_STANDARD_LIBRARIES = YES;
				BUNDLE_LOADER = "$(TEST_HOST)";
				CODE_SIGN_STYLE = Automatic;
				DEVELOPMENT_TEAM = R5RFEZ8DV2;
				INFOPLIST_FILE = GithubSearchTests/Info.plist;
				IPHONEOS_DEPLOYMENT_TARGET = 14.5;
				LD_RUNPATH_SEARCH_PATHS = (
					"$(inherited)",
					"@executable_path/Frameworks",
					"@loader_path/Frameworks",
				);
				PRODUCT_BUNDLE_IDENTIFIER = rowkaxl.GithubSearchTests;
				PRODUCT_NAME = "$(TARGET_NAME)";
				SWIFT_VERSION = 5.0;
				TARGETED_DEVICE_FAMILY = "1,2";
				TEST_HOST = "$(BUILT_PRODUCTS_DIR)/GithubSearch.app/GithubSearch";
			};
			name = Release;
		};
		6137615B2674A51B00AC8694 /* Debug */ = {
			isa = XCBuildConfiguration;
			buildSettings = {
				ALWAYS_EMBED_SWIFT_STANDARD_LIBRARIES = YES;
				CODE_SIGN_STYLE = Automatic;
				DEVELOPMENT_TEAM = R5RFEZ8DV2;
				INFOPLIST_FILE = GithubSearchUITests/Info.plist;
				LD_RUNPATH_SEARCH_PATHS = (
					"$(inherited)",
					"@executable_path/Frameworks",
					"@loader_path/Frameworks",
				);
				PRODUCT_BUNDLE_IDENTIFIER = rowkaxl.GithubSearchUITests;
				PRODUCT_NAME = "$(TARGET_NAME)";
				SWIFT_VERSION = 5.0;
				TARGETED_DEVICE_FAMILY = "1,2";
				TEST_TARGET_NAME = GithubSearch;
			};
			name = Debug;
		};
		6137615C2674A51B00AC8694 /* Release */ = {
			isa = XCBuildConfiguration;
			buildSettings = {
				ALWAYS_EMBED_SWIFT_STANDARD_LIBRARIES = YES;
				CODE_SIGN_STYLE = Automatic;
				DEVELOPMENT_TEAM = R5RFEZ8DV2;
				INFOPLIST_FILE = GithubSearchUITests/Info.plist;
				LD_RUNPATH_SEARCH_PATHS = (
					"$(inherited)",
					"@executable_path/Frameworks",
					"@loader_path/Frameworks",
				);
				PRODUCT_BUNDLE_IDENTIFIER = rowkaxl.GithubSearchUITests;
				PRODUCT_NAME = "$(TARGET_NAME)";
				SWIFT_VERSION = 5.0;
				TARGETED_DEVICE_FAMILY = "1,2";
				TEST_TARGET_NAME = GithubSearch;
			};
			name = Release;
		};
/* End XCBuildConfiguration section */

/* Begin XCConfigurationList section */
		613761252674A51300AC8694 /* Build configuration list for PBXProject "GithubSearch" */ = {
			isa = XCConfigurationList;
			buildConfigurations = (
				613761522674A51B00AC8694 /* Debug */,
				613761532674A51B00AC8694 /* Release */,
			);
			defaultConfigurationIsVisible = 0;
			defaultConfigurationName = Release;
		};
		613761542674A51B00AC8694 /* Build configuration list for PBXNativeTarget "GithubSearch" */ = {
			isa = XCConfigurationList;
			buildConfigurations = (
				613761552674A51B00AC8694 /* Debug */,
				613761562674A51B00AC8694 /* Release */,
			);
			defaultConfigurationIsVisible = 0;
			defaultConfigurationName = Release;
		};
		613761572674A51B00AC8694 /* Build configuration list for PBXNativeTarget "GithubSearchTests" */ = {
			isa = XCConfigurationList;
			buildConfigurations = (
				613761582674A51B00AC8694 /* Debug */,
				613761592674A51B00AC8694 /* Release */,
			);
			defaultConfigurationIsVisible = 0;
			defaultConfigurationName = Release;
		};
		6137615A2674A51B00AC8694 /* Build configuration list for PBXNativeTarget "GithubSearchUITests" */ = {
			isa = XCConfigurationList;
			buildConfigurations = (
				6137615B2674A51B00AC8694 /* Debug */,
				6137615C2674A51B00AC8694 /* Release */,
			);
			defaultConfigurationIsVisible = 0;
			defaultConfigurationName = Release;
		};
/* End XCConfigurationList section */
	};
	rootObject = 613761222674A51300AC8694 /* Project object */;
}
